
Microsoft Visual Studio Solution File, Format Version 12.00
# Visual Studio Version 17
VisualStudioVersion = 17.7.34202.233
MinimumVisualStudioVersion = 10.0.40219.1
Project("{9A19103F-16F7-4668-BE54-9A1E7A4F7556}") = "TP_POO", "TP_POO.App\TP_POO.csproj", "{1B8EC721-322C-45D1-90E4-33118A971469}"
EndProject
Project("{9A19103F-16F7-4668-BE54-9A1E7A4F7556}") = "TP_POO.Class", "TP_POO.Class\TP_POO.Class.csproj", "{C5B36902-B8F9-4653-ABC4-2DA5DFA85F50}"
EndProject
Project("{9A19103F-16F7-4668-BE54-9A1E7A4F7556}") = "TP_POO.Enums", "TP_POO.Enums\TP_POO.Enums.csproj", "{3D3014C3-5EEA-428C-A794-568BF4F041FD}"
EndProject
Global
	GlobalSection(SolutionConfigurationPlatforms) = preSolution
		Debug|Any CPU = Debug|Any CPU
		Release|Any CPU = Release|Any CPU
	EndGlobalSection
	GlobalSection(ProjectConfigurationPlatforms) = postSolution
		{1B8EC721-322C-45D1-90E4-33118A971469}.Debug|Any CPU.ActiveCfg = Debug|Any CPU
		{1B8EC721-322C-45D1-90E4-33118A971469}.Debug|Any CPU.Build.0 = Debug|Any CPU
		{1B8EC721-322C-45D1-90E4-33118A971469}.Release|Any CPU.ActiveCfg = Release|Any CPU
		{1B8EC721-322C-45D1-90E4-33118A971469}.Release|Any CPU.Build.0 = Release|Any CPU
		{C5B36902-B8F9-4653-ABC4-2DA5DFA85F50}.Debug|Any CPU.ActiveCfg = Debug|Any CPU
		{C5B36902-B8F9-4653-ABC4-2DA5DFA85F50}.Debug|Any CPU.Build.0 = Debug|Any CPU
		{C5B36902-B8F9-4653-ABC4-2DA5DFA85F50}.Release|Any CPU.ActiveCfg = Release|Any CPU
		{C5B36902-B8F9-4653-ABC4-2DA5DFA85F50}.Release|Any CPU.Build.0 = Release|Any CPU
		{3D3014C3-5EEA-428C-A794-568BF4F041FD}.Debug|Any CPU.ActiveCfg = Debug|Any CPU
		{3D3014C3-5EEA-428C-A794-568BF4F041FD}.Debug|Any CPU.Build.0 = Debug|Any CPU
		{3D3014C3-5EEA-428C-A794-568BF4F041FD}.Release|Any CPU.ActiveCfg = Release|Any CPU
		{3D3014C3-5EEA-428C-A794-568BF4F041FD}.Release|Any CPU.Build.0 = Release|Any CPU
	EndGlobalSection
	GlobalSection(SolutionProperties) = preSolution
		HideSolutionNode = FALSE
	EndGlobalSection
	GlobalSection(ExtensibilityGlobals) = postSolution
		SolutionGuid = {DB4604C5-125C-4BB8-9CCE-0213B1AC6C8E}
	EndGlobalSection
EndGlobal
