
Microsoft Visual Studio Solution File, Format Version 12.00
# Visual Studio Version 17
VisualStudioVersion = 17.7.34202.233
MinimumVisualStudioVersion = 10.0.40219.1
Project("{9A19103F-16F7-4668-BE54-9A1E7A4F7556}") = "TP_POO", "TP_POO.csproj", "{93B50633-4F73-4010-BF51-934D26B09241}"
EndProject
Project("{FAE04EC0-301F-11D3-BF4B-00C04F79EFBC}") = "TP_POO.Class", "..\TP_POO.Class\TP_POO.Class.csproj", "{4C2C752E-C3E8-4E62-92D0-DF2C7C24AFC8}"
EndProject
Project("{FAE04EC0-301F-11D3-BF4B-00C04F79EFBC}") = "TP_POO.Enums", "..\TP_POO.Enums\TP_POO.Enums.csproj", "{16616551-4B4C-4F5D-A331-61B44F48B37B}"
EndProject
Global
	GlobalSection(SolutionConfigurationPlatforms) = preSolution
		Debug|Any CPU = Debug|Any CPU
		Release|Any CPU = Release|Any CPU
	EndGlobalSection
	GlobalSection(ProjectConfigurationPlatforms) = postSolution
		{93B50633-4F73-4010-BF51-934D26B09241}.Debug|Any CPU.ActiveCfg = Debug|Any CPU
		{93B50633-4F73-4010-BF51-934D26B09241}.Debug|Any CPU.Build.0 = Debug|Any CPU
		{93B50633-4F73-4010-BF51-934D26B09241}.Release|Any CPU.ActiveCfg = Release|Any CPU
		{93B50633-4F73-4010-BF51-934D26B09241}.Release|Any CPU.Build.0 = Release|Any CPU
		{4C2C752E-C3E8-4E62-92D0-DF2C7C24AFC8}.Debug|Any CPU.ActiveCfg = Debug|Any CPU
		{4C2C752E-C3E8-4E62-92D0-DF2C7C24AFC8}.Debug|Any CPU.Build.0 = Debug|Any CPU
		{4C2C752E-C3E8-4E62-92D0-DF2C7C24AFC8}.Release|Any CPU.ActiveCfg = Release|Any CPU
		{4C2C752E-C3E8-4E62-92D0-DF2C7C24AFC8}.Release|Any CPU.Build.0 = Release|Any CPU
		{16616551-4B4C-4F5D-A331-61B44F48B37B}.Debug|Any CPU.ActiveCfg = Debug|Any CPU
		{16616551-4B4C-4F5D-A331-61B44F48B37B}.Debug|Any CPU.Build.0 = Debug|Any CPU
		{16616551-4B4C-4F5D-A331-61B44F48B37B}.Release|Any CPU.ActiveCfg = Release|Any CPU
		{16616551-4B4C-4F5D-A331-61B44F48B37B}.Release|Any CPU.Build.0 = Release|Any CPU
	EndGlobalSection
	GlobalSection(SolutionProperties) = preSolution
		HideSolutionNode = FALSE
	EndGlobalSection
	GlobalSection(ExtensibilityGlobals) = postSolution
		SolutionGuid = {DB4604C5-125C-4BB8-9CCE-0213B1AC6C8E}
	EndGlobalSection
EndGlobal
